
Microsoft Visual Studio Solution File, Format Version 12.00
# Visual Studio Version 16
VisualStudioVersion = 16.0.32407.337
MinimumVisualStudioVersion = 10.0.40219.1
Project("{FAE04EC0-301F-11D3-BF4B-00C04F79EFBC}") = "MSIT133Site", "MSIT133Site\MSIT133Site.csproj", "{40E7B5C3-803C-4DEE-9190-FFA1D7DA957A}"
EndProject
Global
	GlobalSection(SolutionConfigurationPlatforms) = preSolution
		Debug|Any CPU = Debug|Any CPU
		Release|Any CPU = Release|Any CPU
	EndGlobalSection
	GlobalSection(ProjectConfigurationPlatforms) = postSolution
		{40E7B5C3-803C-4DEE-9190-FFA1D7DA957A}.Debug|Any CPU.ActiveCfg = Debug|Any CPU
		{40E7B5C3-803C-4DEE-9190-FFA1D7DA957A}.Debug|Any CPU.Build.0 = Debug|Any CPU
		{40E7B5C3-803C-4DEE-9190-FFA1D7DA957A}.Release|Any CPU.ActiveCfg = Release|Any CPU
		{40E7B5C3-803C-4DEE-9190-FFA1D7DA957A}.Release|Any CPU.Build.0 = Release|Any CPU
	EndGlobalSection
	GlobalSection(SolutionProperties) = preSolution
		HideSolutionNode = FALSE
	EndGlobalSection
	GlobalSection(ExtensibilityGlobals) = postSolution
		SolutionGuid = {73AD7B5C-A8D9-436C-AE18-CC81492A5713}
	EndGlobalSection
EndGlobal
